
Microsoft Visual Studio Solution File, Format Version 12.00
# Visual Studio Version 16
VisualStudioVersion = 16.0.29215.179
MinimumVisualStudioVersion = 10.0.40219.1
Project("{FAE04EC0-301F-11D3-BF4B-00C04F79EFBC}") = "Calculadora_Client", "Calculadora_Client\Calculadora_Client.csproj", "{26981301-17E6-426B-840E-EB7DF57CDE8E}"
EndProject
Global
	GlobalSection(SolutionConfigurationPlatforms) = preSolution
		Debug|Any CPU = Debug|Any CPU
		Release|Any CPU = Release|Any CPU
	EndGlobalSection
	GlobalSection(ProjectConfigurationPlatforms) = postSolution
		{26981301-17E6-426B-840E-EB7DF57CDE8E}.Debug|Any CPU.ActiveCfg = Debug|Any CPU
		{26981301-17E6-426B-840E-EB7DF57CDE8E}.Debug|Any CPU.Build.0 = Debug|Any CPU
		{26981301-17E6-426B-840E-EB7DF57CDE8E}.Release|Any CPU.ActiveCfg = Release|Any CPU
		{26981301-17E6-426B-840E-EB7DF57CDE8E}.Release|Any CPU.Build.0 = Release|Any CPU
	EndGlobalSection
	GlobalSection(SolutionProperties) = preSolution
		HideSolutionNode = FALSE
	EndGlobalSection
	GlobalSection(ExtensibilityGlobals) = postSolution
		SolutionGuid = {9718365B-458A-4EBB-8E33-FA7B5FB16876}
	EndGlobalSection
EndGlobal
